
Microsoft Visual Studio Solution File, Format Version 12.00
# Visual Studio Version 16
VisualStudioVersion = 16.0.31424.327
MinimumVisualStudioVersion = 10.0.40219.1
Project("{FAE04EC0-301F-11D3-BF4B-00C04F79EFBC}") = "PowerSwitcher", "PowerSwitcher\PowerSwitcher.csproj", "{1D107D93-2902-4782-9C06-825925C3B39F}"
EndProject
Project("{FAE04EC0-301F-11D3-BF4B-00C04F79EFBC}") = "PowerSwitcher.TrayApp", "PowerSwitcher.TrayApp\PowerSwitcher.TrayApp.csproj", "{72D5D98C-D8E8-4164-889E-645142A10EDD}"
EndProject
Project("{2150E333-8FDC-42A3-9474-1A3956D46DE8}") = "Solution Items", "Solution Items", "{5B372EF5-7A61-4E56-B86E-D4CC811A053A}"
	ProjectSection(SolutionItems) = preProject
		README.md = README.md
	EndProjectSection
EndProject
Project("{2150E333-8FDC-42A3-9474-1A3956D46DE8}") = "Appx", "Appx", "{8E0616E9-3407-4127-AFEB-EDD34F9D66B5}"
	ProjectSection(SolutionItems) = preProject
		PowerSwitcher.Appx\AppxManifest.xml = PowerSwitcher.Appx\AppxManifest.xml
		PowerSwitcher.Appx\CreateSelfSignCert.bat = PowerSwitcher.Appx\CreateSelfSignCert.bat
		PowerSwitcher.Appx\MappingFile.txt = PowerSwitcher.Appx\MappingFile.txt
		PowerSwitcher.Appx\PackageScript.bat = PowerSwitcher.Appx\PackageScript.bat
	EndProjectSection
EndProject
Project("{2150E333-8FDC-42A3-9474-1A3956D46DE8}") = "Assets", "Assets", "{E432A9F1-7F67-472E-B75D-BBBAAE8980E3}"
	ProjectSection(SolutionItems) = preProject
		PowerSwitcher.Assets\Square150x150Logo.png = PowerSwitcher.Assets\Square150x150Logo.png
		PowerSwitcher.Assets\Square44x44Logo.png = PowerSwitcher.Assets\Square44x44Logo.png
		PowerSwitcher.Assets\StoreLogo50x50.png = PowerSwitcher.Assets\StoreLogo50x50.png
	EndProjectSection
EndProject
Project("{FAE04EC0-301F-11D3-BF4B-00C04F79EFBC}") = "Petrroll.Helpers", "Petrroll.Helpers\Petrroll.Helpers.csproj", "{C59CB1ED-956D-48F4-A78F-AED6BF3DD8AA}"
EndProject
Project("{C7167F0D-BC9F-4E6E-AFE1-012C56B48DB5}") = "PowerSwitcher.Package", "PowerSwitcher.Package\PowerSwitcher.Package.wapproj", "{509442DD-B27D-433B-8856-E5F5D66D9D23}"
EndProject
Global
	GlobalSection(SolutionConfigurationPlatforms) = preSolution
		Debug|Any CPU = Debug|Any CPU
		Debug|ARM = Debug|ARM
		Debug|ARM64 = Debug|ARM64
		Debug|x64 = Debug|x64
		Debug|x86 = Debug|x86
		Release|Any CPU = Release|Any CPU
		Release|ARM = Release|ARM
		Release|ARM64 = Release|ARM64
		Release|x64 = Release|x64
		Release|x86 = Release|x86
		ReleaseAndPackage|Any CPU = ReleaseAndPackage|Any CPU
		ReleaseAndPackage|ARM = ReleaseAndPackage|ARM
		ReleaseAndPackage|ARM64 = ReleaseAndPackage|ARM64
		ReleaseAndPackage|x64 = ReleaseAndPackage|x64
		ReleaseAndPackage|x86 = ReleaseAndPackage|x86
	EndGlobalSection
	GlobalSection(ProjectConfigurationPlatforms) = postSolution
		{1D107D93-2902-4782-9C06-825925C3B39F}.Debug|Any CPU.ActiveCfg = Debug|Any CPU
		{1D107D93-2902-4782-9C06-825925C3B39F}.Debug|Any CPU.Build.0 = Debug|Any CPU
		{1D107D93-2902-4782-9C06-825925C3B39F}.Debug|ARM.ActiveCfg = Debug|Any CPU
		{1D107D93-2902-4782-9C06-825925C3B39F}.Debug|ARM.Build.0 = Debug|Any CPU
		{1D107D93-2902-4782-9C06-825925C3B39F}.Debug|ARM64.ActiveCfg = Debug|Any CPU
		{1D107D93-2902-4782-9C06-825925C3B39F}.Debug|ARM64.Build.0 = Debug|Any CPU
		{1D107D93-2902-4782-9C06-825925C3B39F}.Debug|x64.ActiveCfg = Debug|Any CPU
		{1D107D93-2902-4782-9C06-825925C3B39F}.Debug|x64.Build.0 = Debug|Any CPU
		{1D107D93-2902-4782-9C06-825925C3B39F}.Debug|x86.ActiveCfg = Debug|Any CPU
		{1D107D93-2902-4782-9C06-825925C3B39F}.Debug|x86.Build.0 = Debug|Any CPU
		{1D107D93-2902-4782-9C06-825925C3B39F}.Release|Any CPU.ActiveCfg = Release|Any CPU
		{1D107D93-2902-4782-9C06-825925C3B39F}.Release|Any CPU.Build.0 = Release|Any CPU
		{1D107D93-2902-4782-9C06-825925C3B39F}.Release|ARM.ActiveCfg = Release|Any CPU
		{1D107D93-2902-4782-9C06-825925C3B39F}.Release|ARM.Build.0 = Release|Any CPU
		{1D107D93-2902-4782-9C06-825925C3B39F}.Release|ARM64.ActiveCfg = Release|Any CPU
		{1D107D93-2902-4782-9C06-825925C3B39F}.Release|ARM64.Build.0 = Release|Any CPU
		{1D107D93-2902-4782-9C06-825925C3B39F}.Release|x64.ActiveCfg = Release|Any CPU
		{1D107D93-2902-4782-9C06-825925C3B39F}.Release|x64.Build.0 = Release|Any CPU
		{1D107D93-2902-4782-9C06-825925C3B39F}.Release|x86.ActiveCfg = Release|Any CPU
		{1D107D93-2902-4782-9C06-825925C3B39F}.Release|x86.Build.0 = Release|Any CPU
		{1D107D93-2902-4782-9C06-825925C3B39F}.ReleaseAndPackage|Any CPU.ActiveCfg = ReleaseAndPackage|Any CPU
		{1D107D93-2902-4782-9C06-825925C3B39F}.ReleaseAndPackage|Any CPU.Build.0 = ReleaseAndPackage|Any CPU
		{1D107D93-2902-4782-9C06-825925C3B39F}.ReleaseAndPackage|ARM.ActiveCfg = ReleaseAndPackage|Any CPU
		{1D107D93-2902-4782-9C06-825925C3B39F}.ReleaseAndPackage|ARM.Build.0 = ReleaseAndPackage|Any CPU
		{1D107D93-2902-4782-9C06-825925C3B39F}.ReleaseAndPackage|ARM64.ActiveCfg = ReleaseAndPackage|Any CPU
		{1D107D93-2902-4782-9C06-825925C3B39F}.ReleaseAndPackage|ARM64.Build.0 = ReleaseAndPackage|Any CPU
		{1D107D93-2902-4782-9C06-825925C3B39F}.ReleaseAndPackage|x64.ActiveCfg = ReleaseAndPackage|Any CPU
		{1D107D93-2902-4782-9C06-825925C3B39F}.ReleaseAndPackage|x64.Build.0 = ReleaseAndPackage|Any CPU
		{1D107D93-2902-4782-9C06-825925C3B39F}.ReleaseAndPackage|x86.ActiveCfg = ReleaseAndPackage|Any CPU
		{1D107D93-2902-4782-9C06-825925C3B39F}.ReleaseAndPackage|x86.Build.0 = ReleaseAndPackage|Any CPU
		{72D5D98C-D8E8-4164-889E-645142A10EDD}.Debug|Any CPU.ActiveCfg = Debug|Any CPU
		{72D5D98C-D8E8-4164-889E-645142A10EDD}.Debug|Any CPU.Build.0 = Debug|Any CPU
		{72D5D98C-D8E8-4164-889E-645142A10EDD}.Debug|ARM.ActiveCfg = Debug|Any CPU
		{72D5D98C-D8E8-4164-889E-645142A10EDD}.Debug|ARM.Build.0 = Debug|Any CPU
		{72D5D98C-D8E8-4164-889E-645142A10EDD}.Debug|ARM64.ActiveCfg = Debug|Any CPU
		{72D5D98C-D8E8-4164-889E-645142A10EDD}.Debug|ARM64.Build.0 = Debug|Any CPU
		{72D5D98C-D8E8-4164-889E-645142A10EDD}.Debug|x64.ActiveCfg = Debug|Any CPU
		{72D5D98C-D8E8-4164-889E-645142A10EDD}.Debug|x64.Build.0 = Debug|Any CPU
		{72D5D98C-D8E8-4164-889E-645142A10EDD}.Debug|x86.ActiveCfg = Debug|Any CPU
		{72D5D98C-D8E8-4164-889E-645142A10EDD}.Debug|x86.Build.0 = Debug|Any CPU
		{72D5D98C-D8E8-4164-889E-645142A10EDD}.Release|Any CPU.ActiveCfg = Release|Any CPU
		{72D5D98C-D8E8-4164-889E-645142A10EDD}.Release|Any CPU.Build.0 = Release|Any CPU
		{72D5D98C-D8E8-4164-889E-645142A10EDD}.Release|ARM.ActiveCfg = Release|Any CPU
		{72D5D98C-D8E8-4164-889E-645142A10EDD}.Release|ARM.Build.0 = Release|Any CPU
		{72D5D98C-D8E8-4164-889E-645142A10EDD}.Release|ARM64.ActiveCfg = Release|Any CPU
		{72D5D98C-D8E8-4164-889E-645142A10EDD}.Release|ARM64.Build.0 = Release|Any CPU
		{72D5D98C-D8E8-4164-889E-645142A10EDD}.Release|x64.ActiveCfg = Release|Any CPU
		{72D5D98C-D8E8-4164-889E-645142A10EDD}.Release|x64.Build.0 = Release|Any CPU
		{72D5D98C-D8E8-4164-889E-645142A10EDD}.Release|x86.ActiveCfg = Release|Any CPU
		{72D5D98C-D8E8-4164-889E-645142A10EDD}.Release|x86.Build.0 = Release|Any CPU
		{72D5D98C-D8E8-4164-889E-645142A10EDD}.ReleaseAndPackage|Any CPU.ActiveCfg = ReleaseAndPackage|Any CPU
		{72D5D98C-D8E8-4164-889E-645142A10EDD}.ReleaseAndPackage|Any CPU.Build.0 = ReleaseAndPackage|Any CPU
		{72D5D98C-D8E8-4164-889E-645142A10EDD}.ReleaseAndPackage|ARM.ActiveCfg = ReleaseAndPackage|Any CPU
		{72D5D98C-D8E8-4164-889E-645142A10EDD}.ReleaseAndPackage|ARM.Build.0 = ReleaseAndPackage|Any CPU
		{72D5D98C-D8E8-4164-889E-645142A10EDD}.ReleaseAndPackage|ARM64.ActiveCfg = ReleaseAndPackage|Any CPU
		{72D5D98C-D8E8-4164-889E-645142A10EDD}.ReleaseAndPackage|ARM64.Build.0 = ReleaseAndPackage|Any CPU
		{72D5D98C-D8E8-4164-889E-645142A10EDD}.ReleaseAndPackage|x64.ActiveCfg = ReleaseAndPackage|Any CPU
		{72D5D98C-D8E8-4164-889E-645142A10EDD}.ReleaseAndPackage|x64.Build.0 = ReleaseAndPackage|Any CPU
		{72D5D98C-D8E8-4164-889E-645142A10EDD}.ReleaseAndPackage|x86.ActiveCfg = ReleaseAndPackage|Any CPU
		{72D5D98C-D8E8-4164-889E-645142A10EDD}.ReleaseAndPackage|x86.Build.0 = ReleaseAndPackage|Any CPU
		{C59CB1ED-956D-48F4-A78F-AED6BF3DD8AA}.Debug|Any CPU.ActiveCfg = Debug|Any CPU
		{C59CB1ED-956D-48F4-A78F-AED6BF3DD8AA}.Debug|Any CPU.Build.0 = Debug|Any CPU
		{C59CB1ED-956D-48F4-A78F-AED6BF3DD8AA}.Debug|ARM.ActiveCfg = Debug|Any CPU
		{C59CB1ED-956D-48F4-A78F-AED6BF3DD8AA}.Debug|ARM.Build.0 = Debug|Any CPU
		{C59CB1ED-956D-48F4-A78F-AED6BF3DD8AA}.Debug|ARM64.ActiveCfg = Debug|Any CPU
		{C59CB1ED-956D-48F4-A78F-AED6BF3DD8AA}.Debug|ARM64.Build.0 = Debug|Any CPU
		{C59CB1ED-956D-48F4-A78F-AED6BF3DD8AA}.Debug|x64.ActiveCfg = Debug|Any CPU
		{C59CB1ED-956D-48F4-A78F-AED6BF3DD8AA}.Debug|x64.Build.0 = Debug|Any CPU
		{C59CB1ED-956D-48F4-A78F-AED6BF3DD8AA}.Debug|x86.ActiveCfg = Debug|Any CPU
		{C59CB1ED-956D-48F4-A78F-AED6BF3DD8AA}.Debug|x86.Build.0 = Debug|Any CPU
		{C59CB1ED-956D-48F4-A78F-AED6BF3DD8AA}.Release|Any CPU.ActiveCfg = Release|Any CPU
		{C59CB1ED-956D-48F4-A78F-AED6BF3DD8AA}.Release|Any CPU.Build.0 = Release|Any CPU
		{C59CB1ED-956D-48F4-A78F-AED6BF3DD8AA}.Release|ARM.ActiveCfg = Release|Any CPU
		{C59CB1ED-956D-48F4-A78F-AED6BF3DD8AA}.Release|ARM.Build.0 = Release|Any CPU
		{C59CB1ED-956D-48F4-A78F-AED6BF3DD8AA}.Release|ARM64.ActiveCfg = Release|Any CPU
		{C59CB1ED-956D-48F4-A78F-AED6BF3DD8AA}.Release|ARM64.Build.0 = Release|Any CPU
		{C59CB1ED-956D-48F4-A78F-AED6BF3DD8AA}.Release|x64.ActiveCfg = Release|Any CPU
		{C59CB1ED-956D-48F4-A78F-AED6BF3DD8AA}.Release|x64.Build.0 = Release|Any CPU
		{C59CB1ED-956D-48F4-A78F-AED6BF3DD8AA}.Release|x86.ActiveCfg = Release|Any CPU
		{C59CB1ED-956D-48F4-A78F-AED6BF3DD8AA}.Release|x86.Build.0 = Release|Any CPU
		{C59CB1ED-956D-48F4-A78F-AED6BF3DD8AA}.ReleaseAndPackage|Any CPU.ActiveCfg = Release|Any CPU
		{C59CB1ED-956D-48F4-A78F-AED6BF3DD8AA}.ReleaseAndPackage|Any CPU.Build.0 = Release|Any CPU
		{C59CB1ED-956D-48F4-A78F-AED6BF3DD8AA}.ReleaseAndPackage|ARM.ActiveCfg = Release|Any CPU
		{C59CB1ED-956D-48F4-A78F-AED6BF3DD8AA}.ReleaseAndPackage|ARM.Build.0 = Release|Any CPU
		{C59CB1ED-956D-48F4-A78F-AED6BF3DD8AA}.ReleaseAndPackage|ARM64.ActiveCfg = Release|Any CPU
		{C59CB1ED-956D-48F4-A78F-AED6BF3DD8AA}.ReleaseAndPackage|ARM64.Build.0 = Release|Any CPU
		{C59CB1ED-956D-48F4-A78F-AED6BF3DD8AA}.ReleaseAndPackage|x64.ActiveCfg = Release|Any CPU
		{C59CB1ED-956D-48F4-A78F-AED6BF3DD8AA}.ReleaseAndPackage|x64.Build.0 = Release|Any CPU
		{C59CB1ED-956D-48F4-A78F-AED6BF3DD8AA}.ReleaseAndPackage|x86.ActiveCfg = Release|Any CPU
		{C59CB1ED-956D-48F4-A78F-AED6BF3DD8AA}.ReleaseAndPackage|x86.Build.0 = Release|Any CPU
		{509442DD-B27D-433B-8856-E5F5D66D9D23}.Debug|Any CPU.ActiveCfg = Debug|Any CPU
		{509442DD-B27D-433B-8856-E5F5D66D9D23}.Debug|Any CPU.Build.0 = Debug|Any CPU
		{509442DD-B27D-433B-8856-E5F5D66D9D23}.Debug|Any CPU.Deploy.0 = Debug|Any CPU
		{509442DD-B27D-433B-8856-E5F5D66D9D23}.Debug|ARM.ActiveCfg = Debug|ARM
		{509442DD-B27D-433B-8856-E5F5D66D9D23}.Debug|ARM.Build.0 = Debug|ARM
		{509442DD-B27D-433B-8856-E5F5D66D9D23}.Debug|ARM.Deploy.0 = Debug|ARM
		{509442DD-B27D-433B-8856-E5F5D66D9D23}.Debug|ARM64.ActiveCfg = Debug|ARM64
		{509442DD-B27D-433B-8856-E5F5D66D9D23}.Debug|ARM64.Build.0 = Debug|ARM64
		{509442DD-B27D-433B-8856-E5F5D66D9D23}.Debug|ARM64.Deploy.0 = Debug|ARM64
		{509442DD-B27D-433B-8856-E5F5D66D9D23}.Debug|x64.ActiveCfg = Debug|x64
		{509442DD-B27D-433B-8856-E5F5D66D9D23}.Debug|x64.Build.0 = Debug|x64
		{509442DD-B27D-433B-8856-E5F5D66D9D23}.Debug|x64.Deploy.0 = Debug|x64
		{509442DD-B27D-433B-8856-E5F5D66D9D23}.Debug|x86.ActiveCfg = Debug|x86
		{509442DD-B27D-433B-8856-E5F5D66D9D23}.Debug|x86.Build.0 = Debug|x86
		{509442DD-B27D-433B-8856-E5F5D66D9D23}.Debug|x86.Deploy.0 = Debug|x86
		{509442DD-B27D-433B-8856-E5F5D66D9D23}.Release|Any CPU.ActiveCfg = Release|Any CPU
		{509442DD-B27D-433B-8856-E5F5D66D9D23}.Release|Any CPU.Build.0 = Release|Any CPU
		{509442DD-B27D-433B-8856-E5F5D66D9D23}.Release|Any CPU.Deploy.0 = Release|Any CPU
		{509442DD-B27D-433B-8856-E5F5D66D9D23}.Release|ARM.ActiveCfg = Release|ARM
		{509442DD-B27D-433B-8856-E5F5D66D9D23}.Release|ARM.Build.0 = Release|ARM
		{509442DD-B27D-433B-8856-E5F5D66D9D23}.Release|ARM.Deploy.0 = Release|ARM
		{509442DD-B27D-433B-8856-E5F5D66D9D23}.Release|ARM64.ActiveCfg = Release|ARM64
		{509442DD-B27D-433B-8856-E5F5D66D9D23}.Release|ARM64.Build.0 = Release|ARM64
		{509442DD-B27D-433B-8856-E5F5D66D9D23}.Release|ARM64.Deploy.0 = Release|ARM64
		{509442DD-B27D-433B-8856-E5F5D66D9D23}.Release|x64.ActiveCfg = Release|x64
		{509442DD-B27D-433B-8856-E5F5D66D9D23}.Release|x64.Build.0 = Release|x64
		{509442DD-B27D-433B-8856-E5F5D66D9D23}.Release|x64.Deploy.0 = Release|x64
		{509442DD-B27D-433B-8856-E5F5D66D9D23}.Release|x86.ActiveCfg = Release|x86
		{509442DD-B27D-433B-8856-E5F5D66D9D23}.Release|x86.Build.0 = Release|x86
		{509442DD-B27D-433B-8856-E5F5D66D9D23}.Release|x86.Deploy.0 = Release|x86
		{509442DD-B27D-433B-8856-E5F5D66D9D23}.ReleaseAndPackage|Any CPU.ActiveCfg = Release|Any CPU
		{509442DD-B27D-433B-8856-E5F5D66D9D23}.ReleaseAndPackage|Any CPU.Build.0 = Release|Any CPU
		{509442DD-B27D-433B-8856-E5F5D66D9D23}.ReleaseAndPackage|Any CPU.Deploy.0 = Release|Any CPU
		{509442DD-B27D-433B-8856-E5F5D66D9D23}.ReleaseAndPackage|ARM.ActiveCfg = Release|ARM
		{509442DD-B27D-433B-8856-E5F5D66D9D23}.ReleaseAndPackage|ARM.Build.0 = Release|ARM
		{509442DD-B27D-433B-8856-E5F5D66D9D23}.ReleaseAndPackage|ARM.Deploy.0 = Release|ARM
		{509442DD-B27D-433B-8856-E5F5D66D9D23}.ReleaseAndPackage|ARM64.ActiveCfg = Release|ARM64
		{509442DD-B27D-433B-8856-E5F5D66D9D23}.ReleaseAndPackage|ARM64.Build.0 = Release|ARM64
		{509442DD-B27D-433B-8856-E5F5D66D9D23}.ReleaseAndPackage|ARM64.Deploy.0 = Release|ARM64
		{509442DD-B27D-433B-8856-E5F5D66D9D23}.ReleaseAndPackage|x64.ActiveCfg = Release|x64
		{509442DD-B27D-433B-8856-E5F5D66D9D23}.ReleaseAndPackage|x64.Build.0 = Release|x64
		{509442DD-B27D-433B-8856-E5F5D66D9D23}.ReleaseAndPackage|x64.Deploy.0 = Release|x64
		{509442DD-B27D-433B-8856-E5F5D66D9D23}.ReleaseAndPackage|x86.ActiveCfg = Release|x86
		{509442DD-B27D-433B-8856-E5F5D66D9D23}.ReleaseAndPackage|x86.Build.0 = Release|x86
		{509442DD-B27D-433B-8856-E5F5D66D9D23}.ReleaseAndPackage|x86.Deploy.0 = Release|x86
	EndGlobalSection
	GlobalSection(SolutionProperties) = preSolution
		HideSolutionNode = FALSE
	EndGlobalSection
	GlobalSection(NestedProjects) = preSolution
		{8E0616E9-3407-4127-AFEB-EDD34F9D66B5} = {5B372EF5-7A61-4E56-B86E-D4CC811A053A}
		{E432A9F1-7F67-472E-B75D-BBBAAE8980E3} = {5B372EF5-7A61-4E56-B86E-D4CC811A053A}
	EndGlobalSection
	GlobalSection(ExtensibilityGlobals) = postSolution
		SolutionGuid = {1F5957B6-B9B9-430D-A21D-F47C68B377DF}
	EndGlobalSection
EndGlobal
